// !$*UTF8*$!
{
	archiveVersion = 1;
	classes = {
	};
	objectVersion = 56;
	objects = {

/* Begin PBXBuildFile section */
		571B8F722A27E84C0009D59D /* AppDelegate.swift in Sources */ = {isa = PBXBuildFile; fileRef = 571B8F712A27E84C0009D59D /* AppDelegate.swift */; };
		571B8F742A27E84C0009D59D /* SceneDelegate.swift in Sources */ = {isa = PBXBuildFile; fileRef = 571B8F732A27E84C0009D59D /* SceneDelegate.swift */; };
		571B8F7B2A27E84D0009D59D /* Assets.xcassets in Resources */ = {isa = PBXBuildFile; fileRef = 571B8F7A2A27E84D0009D59D /* Assets.xcassets */; };
		571B8F7E2A27E84D0009D59D /* LaunchScreen.storyboard in Resources */ = {isa = PBXBuildFile; fileRef = 571B8F7C2A27E84D0009D59D /* LaunchScreen.storyboard */; };
		571B8F8B2A27E9660009D59D /* WeatherModel.swift in Sources */ = {isa = PBXBuildFile; fileRef = 571B8F8A2A27E9660009D59D /* WeatherModel.swift */; };
		571B8F8E2A27EB050009D59D /* NetworkManager.swift in Sources */ = {isa = PBXBuildFile; fileRef = 571B8F8D2A27EB050009D59D /* NetworkManager.swift */; };
		571B8F912A27EB460009D59D /* WeatherViewController.swift in Sources */ = {isa = PBXBuildFile; fileRef = 571B8F902A27EB460009D59D /* WeatherViewController.swift */; };
		571B8F932A27EE100009D59D /* NetworkManagerType.swift in Sources */ = {isa = PBXBuildFile; fileRef = 571B8F922A27EE100009D59D /* NetworkManagerType.swift */; };
		571B8F952A27EEA10009D59D /* NetworkError.swift in Sources */ = {isa = PBXBuildFile; fileRef = 571B8F942A27EEA10009D59D /* NetworkError.swift */; };
		571B8F972A27F0880009D59D /* Environment.swift in Sources */ = {isa = PBXBuildFile; fileRef = 571B8F962A27F0880009D59D /* Environment.swift */; };
		571B8F992A2830070009D59D /* ImageCache.swift in Sources */ = {isa = PBXBuildFile; fileRef = 571B8F982A2830070009D59D /* ImageCache.swift */; };
		571B8F9B2A2832250009D59D /* CacheType.swift in Sources */ = {isa = PBXBuildFile; fileRef = 571B8F9A2A2832250009D59D /* CacheType.swift */; };
		571B8F9F2A2839EA0009D59D /* LocationManager.swift in Sources */ = {isa = PBXBuildFile; fileRef = 571B8F9E2A2839EA0009D59D /* LocationManager.swift */; };
		571B8FA22A283A080009D59D /* LocationManagerType.swift in Sources */ = {isa = PBXBuildFile; fileRef = 571B8FA12A283A080009D59D /* LocationManagerType.swift */; };
		571B8FA82A285B480009D59D /* PersitentContainerType.swift in Sources */ = {isa = PBXBuildFile; fileRef = 571B8FA72A285B480009D59D /* PersitentContainerType.swift */; };
		571B8FAA2A285B6C0009D59D /* UserDefaultsModelWrapper.swift in Sources */ = {isa = PBXBuildFile; fileRef = 571B8FA92A285B6C0009D59D /* UserDefaultsModelWrapper.swift */; };
		571B8FAC2A29120D0009D59D /* WeatherView.swift in Sources */ = {isa = PBXBuildFile; fileRef = 571B8FAB2A29120D0009D59D /* WeatherView.swift */; };
		571B8FAF2A2976380009D59D /* StackViewExtension.swift in Sources */ = {isa = PBXBuildFile; fileRef = 571B8FAE2A2976380009D59D /* StackViewExtension.swift */; };
		571B8FB32A2978D90009D59D /* UIViewExtension.swift in Sources */ = {isa = PBXBuildFile; fileRef = 571B8FB22A2978D90009D59D /* UIViewExtension.swift */; };
		571B8FB52A297AB10009D59D /* UILabelExtension.swift in Sources */ = {isa = PBXBuildFile; fileRef = 571B8FB42A297AB10009D59D /* UILabelExtension.swift */; };
		571B8FB72A2AB4730009D59D /* WeatherViewModel.swift in Sources */ = {isa = PBXBuildFile; fileRef = 571B8FB62A2AB4730009D59D /* WeatherViewModel.swift */; };
		571B8FB92A2AB47D0009D59D /* WeatherViewModelType.swift in Sources */ = {isa = PBXBuildFile; fileRef = 571B8FB82A2AB47D0009D59D /* WeatherViewModelType.swift */; };
		571B8FBC2A2AC3480009D59D /* QuerySanitizer.swift in Sources */ = {isa = PBXBuildFile; fileRef = 571B8FBB2A2AC3480009D59D /* QuerySanitizer.swift */; };
		57BE870B2A4CB26700822224 /* DebugMenuCoordinator.swift in Sources */ = {isa = PBXBuildFile; fileRef = 57BE870A2A4CB26700822224 /* DebugMenuCoordinator.swift */; };
		57BE870D2A4CB27500822224 /* AppCoordinator.swift in Sources */ = {isa = PBXBuildFile; fileRef = 57BE870C2A4CB27500822224 /* AppCoordinator.swift */; };
		57BE870F2A4CB28D00822224 /* CoordinatorType.swift in Sources */ = {isa = PBXBuildFile; fileRef = 57BE870E2A4CB28D00822224 /* CoordinatorType.swift */; };
		57BE87112A4CC54B00822224 /* DebugSettings.swift in Sources */ = {isa = PBXBuildFile; fileRef = 57BE87102A4CC54B00822224 /* DebugSettings.swift */; };
		57BE87142A4F9E5100822224 /* DelayablePublisher.swift in Sources */ = {isa = PBXBuildFile; fileRef = 57BE87132A4F9E5100822224 /* DelayablePublisher.swift */; };
		57BE871C2A5C970700822224 /* BasicWeatherAppTests.swift in Sources */ = {isa = PBXBuildFile; fileRef = 57BE871B2A5C970700822224 /* BasicWeatherAppTests.swift */; };
		57BE87232A5C972700822224 /* ImageCacheTests.swift in Sources */ = {isa = PBXBuildFile; fileRef = 57BE87222A5C972700822224 /* ImageCacheTests.swift */; };
		57BE87252A5CA03800822224 /* UserDefaultsModelWrapperTests.swift in Sources */ = {isa = PBXBuildFile; fileRef = 57BE87242A5CA03800822224 /* UserDefaultsModelWrapperTests.swift */; };
		57BE87282A5CA0E000822224 /* MockModel.swift in Sources */ = {isa = PBXBuildFile; fileRef = 57BE87272A5CA0E000822224 /* MockModel.swift */; };
		57BE872B2A5CA52800822224 /* MockDataGenerator.swift in Sources */ = {isa = PBXBuildFile; fileRef = 57BE872A2A5CA52800822224 /* MockDataGenerator.swift */; };
		57BE872D2A5DB80700822224 /* MockWeatherData.json in Resources */ = {isa = PBXBuildFile; fileRef = 57BE872C2A5DB80700822224 /* MockWeatherData.json */; };
		57BE872F2A5DB88200822224 /* NetworkManagerTests.swift in Sources */ = {isa = PBXBuildFile; fileRef = 57BE872E2A5DB88200822224 /* NetworkManagerTests.swift */; };
		57BE87312A5DB9F100822224 /* MockURLSession.swift in Sources */ = {isa = PBXBuildFile; fileRef = 57BE87302A5DB9F100822224 /* MockURLSession.swift */; };
		57BE87332A5DC81800822224 /* PublisherSession.swift in Sources */ = {isa = PBXBuildFile; fileRef = 57BE87322A5DC81800822224 /* PublisherSession.swift */; };
		57BE87362A5DEB2800822224 /* NetworkErrorExtension.swift in Sources */ = {isa = PBXBuildFile; fileRef = 57BE87352A5DEB2800822224 /* NetworkErrorExtension.swift */; };
		57BE87392A5DF7C000822224 /* NetworkErrorTests.swift in Sources */ = {isa = PBXBuildFile; fileRef = 57BE87382A5DF7C000822224 /* NetworkErrorTests.swift */; };
		57BE873B2A5DFA8800822224 /* EnvironmentTests.swift in Sources */ = {isa = PBXBuildFile; fileRef = 57BE873A2A5DFA8800822224 /* EnvironmentTests.swift */; };
		57BE873D2A5DFFB100822224 /* LocationManagerTests.swift in Sources */ = {isa = PBXBuildFile; fileRef = 57BE873C2A5DFFB100822224 /* LocationManagerTests.swift */; };
		57BE873F2A5E07BA00822224 /* MockLocationService.swift in Sources */ = {isa = PBXBuildFile; fileRef = 57BE873E2A5E07BA00822224 /* MockLocationService.swift */; };
		57CBC5D42A3146B400A1549C /* WeatherFormatter.swift in Sources */ = {isa = PBXBuildFile; fileRef = 57CBC5D32A3146B400A1549C /* WeatherFormatter.swift */; };
		57CBC5D62A31522700A1549C /* UIViewControllerExtension.swift in Sources */ = {isa = PBXBuildFile; fileRef = 57CBC5D52A31522700A1549C /* UIViewControllerExtension.swift */; };
		57CBC5D82A315E3F00A1549C /* TriangleLoadingView.swift in Sources */ = {isa = PBXBuildFile; fileRef = 57CBC5D72A315E3F00A1549C /* TriangleLoadingView.swift */; };
		57CBC5DA2A452D3600A1549C /* DebugViewController.swift in Sources */ = {isa = PBXBuildFile; fileRef = 57CBC5D92A452D3600A1549C /* DebugViewController.swift */; };
/* End PBXBuildFile section */

/* Begin PBXContainerItemProxy section */
		57BE871D2A5C970700822224 /* PBXContainerItemProxy */ = {
			isa = PBXContainerItemProxy;
			containerPortal = 571B8F662A27E84C0009D59D /* Project object */;
			proxyType = 1;
			remoteGlobalIDString = 571B8F6D2A27E84C0009D59D;
			remoteInfo = BasicWeatherApp;
		};
/* End PBXContainerItemProxy section */

/* Begin PBXFileReference section */
		571B8F6E2A27E84C0009D59D /* BasicWeatherApp.app */ = {isa = PBXFileReference; explicitFileType = wrapper.application; includeInIndex = 0; path = BasicWeatherApp.app; sourceTree = BUILT_PRODUCTS_DIR; };
		571B8F712A27E84C0009D59D /* AppDelegate.swift */ = {isa = PBXFileReference; lastKnownFileType = sourcecode.swift; path = AppDelegate.swift; sourceTree = "<group>"; };
		571B8F732A27E84C0009D59D /* SceneDelegate.swift */ = {isa = PBXFileReference; lastKnownFileType = sourcecode.swift; path = SceneDelegate.swift; sourceTree = "<group>"; };
		571B8F7A2A27E84D0009D59D /* Assets.xcassets */ = {isa = PBXFileReference; lastKnownFileType = folder.assetcatalog; path = Assets.xcassets; sourceTree = "<group>"; };
		571B8F7D2A27E84D0009D59D /* Base */ = {isa = PBXFileReference; lastKnownFileType = file.storyboard; name = Base; path = Base.lproj/LaunchScreen.storyboard; sourceTree = "<group>"; };
		571B8F7F2A27E84D0009D59D /* Info.plist */ = {isa = PBXFileReference; lastKnownFileType = text.plist.xml; path = Info.plist; sourceTree = "<group>"; };
		571B8F8A2A27E9660009D59D /* WeatherModel.swift */ = {isa = PBXFileReference; lastKnownFileType = sourcecode.swift; path = WeatherModel.swift; sourceTree = "<group>"; };
		571B8F8D2A27EB050009D59D /* NetworkManager.swift */ = {isa = PBXFileReference; lastKnownFileType = sourcecode.swift; path = NetworkManager.swift; sourceTree = "<group>"; };
		571B8F902A27EB460009D59D /* WeatherViewController.swift */ = {isa = PBXFileReference; lastKnownFileType = sourcecode.swift; path = WeatherViewController.swift; sourceTree = "<group>"; };
		571B8F922A27EE100009D59D /* NetworkManagerType.swift */ = {isa = PBXFileReference; lastKnownFileType = sourcecode.swift; path = NetworkManagerType.swift; sourceTree = "<group>"; };
		571B8F942A27EEA10009D59D /* NetworkError.swift */ = {isa = PBXFileReference; lastKnownFileType = sourcecode.swift; path = NetworkError.swift; sourceTree = "<group>"; };
		571B8F962A27F0880009D59D /* Environment.swift */ = {isa = PBXFileReference; lastKnownFileType = sourcecode.swift; path = Environment.swift; sourceTree = "<group>"; };
		571B8F982A2830070009D59D /* ImageCache.swift */ = {isa = PBXFileReference; lastKnownFileType = sourcecode.swift; path = ImageCache.swift; sourceTree = "<group>"; };
		571B8F9A2A2832250009D59D /* CacheType.swift */ = {isa = PBXFileReference; lastKnownFileType = sourcecode.swift; path = CacheType.swift; sourceTree = "<group>"; };
		571B8F9E2A2839EA0009D59D /* LocationManager.swift */ = {isa = PBXFileReference; lastKnownFileType = sourcecode.swift; path = LocationManager.swift; sourceTree = "<group>"; };
		571B8FA12A283A080009D59D /* LocationManagerType.swift */ = {isa = PBXFileReference; lastKnownFileType = sourcecode.swift; path = LocationManagerType.swift; sourceTree = "<group>"; };
		571B8FA72A285B480009D59D /* PersitentContainerType.swift */ = {isa = PBXFileReference; lastKnownFileType = sourcecode.swift; path = PersitentContainerType.swift; sourceTree = "<group>"; };
		571B8FA92A285B6C0009D59D /* UserDefaultsModelWrapper.swift */ = {isa = PBXFileReference; lastKnownFileType = sourcecode.swift; path = UserDefaultsModelWrapper.swift; sourceTree = "<group>"; };
		571B8FAB2A29120D0009D59D /* WeatherView.swift */ = {isa = PBXFileReference; lastKnownFileType = sourcecode.swift; path = WeatherView.swift; sourceTree = "<group>"; };
		571B8FAE2A2976380009D59D /* StackViewExtension.swift */ = {isa = PBXFileReference; lastKnownFileType = sourcecode.swift; path = StackViewExtension.swift; sourceTree = "<group>"; };
		571B8FB22A2978D90009D59D /* UIViewExtension.swift */ = {isa = PBXFileReference; lastKnownFileType = sourcecode.swift; path = UIViewExtension.swift; sourceTree = "<group>"; };
		571B8FB42A297AB10009D59D /* UILabelExtension.swift */ = {isa = PBXFileReference; lastKnownFileType = sourcecode.swift; path = UILabelExtension.swift; sourceTree = "<group>"; };
		571B8FB62A2AB4730009D59D /* WeatherViewModel.swift */ = {isa = PBXFileReference; lastKnownFileType = sourcecode.swift; path = WeatherViewModel.swift; sourceTree = "<group>"; };
		571B8FB82A2AB47D0009D59D /* WeatherViewModelType.swift */ = {isa = PBXFileReference; lastKnownFileType = sourcecode.swift; path = WeatherViewModelType.swift; sourceTree = "<group>"; };
		571B8FBB2A2AC3480009D59D /* QuerySanitizer.swift */ = {isa = PBXFileReference; lastKnownFileType = sourcecode.swift; path = QuerySanitizer.swift; sourceTree = "<group>"; };
		57BE870A2A4CB26700822224 /* DebugMenuCoordinator.swift */ = {isa = PBXFileReference; lastKnownFileType = sourcecode.swift; path = DebugMenuCoordinator.swift; sourceTree = "<group>"; };
		57BE870C2A4CB27500822224 /* AppCoordinator.swift */ = {isa = PBXFileReference; lastKnownFileType = sourcecode.swift; path = AppCoordinator.swift; sourceTree = "<group>"; };
		57BE870E2A4CB28D00822224 /* CoordinatorType.swift */ = {isa = PBXFileReference; lastKnownFileType = sourcecode.swift; path = CoordinatorType.swift; sourceTree = "<group>"; };
		57BE87102A4CC54B00822224 /* DebugSettings.swift */ = {isa = PBXFileReference; lastKnownFileType = sourcecode.swift; path = DebugSettings.swift; sourceTree = "<group>"; };
		57BE87122A4E419600822224 /* Test.playground */ = {isa = PBXFileReference; lastKnownFileType = file.playground; path = Test.playground; sourceTree = "<group>"; xcLanguageSpecificationIdentifier = xcode.lang.swift; };
		57BE87132A4F9E5100822224 /* DelayablePublisher.swift */ = {isa = PBXFileReference; lastKnownFileType = sourcecode.swift; path = DelayablePublisher.swift; sourceTree = "<group>"; };
		57BE87192A5C970700822224 /* BasicWeatherAppTests.xctest */ = {isa = PBXFileReference; explicitFileType = wrapper.cfbundle; includeInIndex = 0; path = BasicWeatherAppTests.xctest; sourceTree = BUILT_PRODUCTS_DIR; };
		57BE871B2A5C970700822224 /* BasicWeatherAppTests.swift */ = {isa = PBXFileReference; lastKnownFileType = sourcecode.swift; path = BasicWeatherAppTests.swift; sourceTree = "<group>"; };
		57BE87222A5C972700822224 /* ImageCacheTests.swift */ = {isa = PBXFileReference; lastKnownFileType = sourcecode.swift; path = ImageCacheTests.swift; sourceTree = "<group>"; };
		57BE87242A5CA03800822224 /* UserDefaultsModelWrapperTests.swift */ = {isa = PBXFileReference; lastKnownFileType = sourcecode.swift; path = UserDefaultsModelWrapperTests.swift; sourceTree = "<group>"; };
		57BE87272A5CA0E000822224 /* MockModel.swift */ = {isa = PBXFileReference; lastKnownFileType = sourcecode.swift; path = MockModel.swift; sourceTree = "<group>"; };
		57BE872A2A5CA52800822224 /* MockDataGenerator.swift */ = {isa = PBXFileReference; lastKnownFileType = sourcecode.swift; path = MockDataGenerator.swift; sourceTree = "<group>"; };
		57BE872C2A5DB80700822224 /* MockWeatherData.json */ = {isa = PBXFileReference; lastKnownFileType = text.json; path = MockWeatherData.json; sourceTree = "<group>"; };
		57BE872E2A5DB88200822224 /* NetworkManagerTests.swift */ = {isa = PBXFileReference; lastKnownFileType = sourcecode.swift; path = NetworkManagerTests.swift; sourceTree = "<group>"; };
		57BE87302A5DB9F100822224 /* MockURLSession.swift */ = {isa = PBXFileReference; lastKnownFileType = sourcecode.swift; path = MockURLSession.swift; sourceTree = "<group>"; };
		57BE87322A5DC81800822224 /* PublisherSession.swift */ = {isa = PBXFileReference; lastKnownFileType = sourcecode.swift; path = PublisherSession.swift; sourceTree = "<group>"; };
		57BE87352A5DEB2800822224 /* NetworkErrorExtension.swift */ = {isa = PBXFileReference; lastKnownFileType = sourcecode.swift; path = NetworkErrorExtension.swift; sourceTree = "<group>"; };
		57BE87372A5DF5DA00822224 /* BasicWeatherApp.xctestplan */ = {isa = PBXFileReference; lastKnownFileType = text; path = BasicWeatherApp.xctestplan; sourceTree = "<group>"; };
		57BE87382A5DF7C000822224 /* NetworkErrorTests.swift */ = {isa = PBXFileReference; lastKnownFileType = sourcecode.swift; path = NetworkErrorTests.swift; sourceTree = "<group>"; };
		57BE873A2A5DFA8800822224 /* EnvironmentTests.swift */ = {isa = PBXFileReference; lastKnownFileType = sourcecode.swift; path = EnvironmentTests.swift; sourceTree = "<group>"; };
		57BE873C2A5DFFB100822224 /* LocationManagerTests.swift */ = {isa = PBXFileReference; lastKnownFileType = sourcecode.swift; path = LocationManagerTests.swift; sourceTree = "<group>"; };
		57BE873E2A5E07BA00822224 /* MockLocationService.swift */ = {isa = PBXFileReference; lastKnownFileType = sourcecode.swift; path = MockLocationService.swift; sourceTree = "<group>"; };
		57CBC5D32A3146B400A1549C /* WeatherFormatter.swift */ = {isa = PBXFileReference; lastKnownFileType = sourcecode.swift; path = WeatherFormatter.swift; sourceTree = "<group>"; };
		57CBC5D52A31522700A1549C /* UIViewControllerExtension.swift */ = {isa = PBXFileReference; lastKnownFileType = sourcecode.swift; path = UIViewControllerExtension.swift; sourceTree = "<group>"; };
		57CBC5D72A315E3F00A1549C /* TriangleLoadingView.swift */ = {isa = PBXFileReference; lastKnownFileType = sourcecode.swift; path = TriangleLoadingView.swift; sourceTree = "<group>"; };
		57CBC5D92A452D3600A1549C /* DebugViewController.swift */ = {isa = PBXFileReference; lastKnownFileType = sourcecode.swift; path = DebugViewController.swift; sourceTree = "<group>"; };
/* End PBXFileReference section */

/* Begin PBXFrameworksBuildPhase section */
		571B8F6B2A27E84C0009D59D /* Frameworks */ = {
			isa = PBXFrameworksBuildPhase;
			buildActionMask = 2147483647;
			files = (
			);
			runOnlyForDeploymentPostprocessing = 0;
		};
		57BE87162A5C970700822224 /* Frameworks */ = {
			isa = PBXFrameworksBuildPhase;
			buildActionMask = 2147483647;
			files = (
			);
			runOnlyForDeploymentPostprocessing = 0;
		};
/* End PBXFrameworksBuildPhase section */

/* Begin PBXGroup section */
		571B8F652A27E84C0009D59D = {
			isa = PBXGroup;
			children = (
				57BE87372A5DF5DA00822224 /* BasicWeatherApp.xctestplan */,
				57BE87122A4E419600822224 /* Test.playground */,
				571B8F702A27E84C0009D59D /* BasicWeatherApp */,
				57BE871A2A5C970700822224 /* BasicWeatherAppTests */,
				571B8F6F2A27E84C0009D59D /* Products */,
			);
			sourceTree = "<group>";
		};
		571B8F6F2A27E84C0009D59D /* Products */ = {
			isa = PBXGroup;
			children = (
				571B8F6E2A27E84C0009D59D /* BasicWeatherApp.app */,
				57BE87192A5C970700822224 /* BasicWeatherAppTests.xctest */,
			);
			name = Products;
			sourceTree = "<group>";
		};
		571B8F702A27E84C0009D59D /* BasicWeatherApp */ = {
			isa = PBXGroup;
			children = (
				571B8FBA2A2AC3370009D59D /* Helper */,
				571B8F8F2A27EB0C0009D59D /* Resources */,
				571B8F892A27E9430009D59D /* Services */,
				57BE87092A4CB24A00822224 /* Coordinators */,
				571B8F872A27E9240009D59D /* Views */,
				571B8F862A27E91B0009D59D /* ViewModels */,
				571B8F852A27E90F0009D59D /* Models */,
				571B8F7A2A27E84D0009D59D /* Assets.xcassets */,
				571B8F7C2A27E84D0009D59D /* LaunchScreen.storyboard */,
				571B8F7F2A27E84D0009D59D /* Info.plist */,
			);
			path = BasicWeatherApp;
			sourceTree = "<group>";
		};
		571B8F852A27E90F0009D59D /* Models */ = {
			isa = PBXGroup;
			children = (
				571B8F8A2A27E9660009D59D /* WeatherModel.swift */,
			);
			path = Models;
			sourceTree = "<group>";
		};
		571B8F862A27E91B0009D59D /* ViewModels */ = {
			isa = PBXGroup;
			children = (
				571B8FB82A2AB47D0009D59D /* WeatherViewModelType.swift */,
				571B8FB62A2AB4730009D59D /* WeatherViewModel.swift */,
				57CBC5D32A3146B400A1549C /* WeatherFormatter.swift */,
			);
			path = ViewModels;
			sourceTree = "<group>";
		};
		571B8F872A27E9240009D59D /* Views */ = {
			isa = PBXGroup;
			children = (
				571B8FAB2A29120D0009D59D /* WeatherView.swift */,
				57CBC5D72A315E3F00A1549C /* TriangleLoadingView.swift */,
				571B8FAD2A2976020009D59D /* ViewHelpers */,
				571B8F882A27E92C0009D59D /* Controllers */,
			);
			path = Views;
			sourceTree = "<group>";
		};
		571B8F882A27E92C0009D59D /* Controllers */ = {
			isa = PBXGroup;
			children = (
				571B8F902A27EB460009D59D /* WeatherViewController.swift */,
				57CBC5D92A452D3600A1549C /* DebugViewController.swift */,
				57BE87102A4CC54B00822224 /* DebugSettings.swift */,
			);
			path = Controllers;
			sourceTree = "<group>";
		};
		571B8F892A27E9430009D59D /* Services */ = {
			isa = PBXGroup;
			children = (
				571B8FA62A285B1F0009D59D /* PersistentContainer */,
				571B8F9D2A2839D80009D59D /* LocationServices */,
				571B8F9C2A2832C90009D59D /* Cache */,
				571B8F8C2A27E96B0009D59D /* Network */,
			);
			path = Services;
			sourceTree = "<group>";
		};
		571B8F8C2A27E96B0009D59D /* Network */ = {
			isa = PBXGroup;
			children = (
				571B8F922A27EE100009D59D /* NetworkManagerType.swift */,
				571B8F8D2A27EB050009D59D /* NetworkManager.swift */,
				571B8F942A27EEA10009D59D /* NetworkError.swift */,
				571B8F962A27F0880009D59D /* Environment.swift */,
				57BE87322A5DC81800822224 /* PublisherSession.swift */,
			);
			path = Network;
			sourceTree = "<group>";
		};
		571B8F8F2A27EB0C0009D59D /* Resources */ = {
			isa = PBXGroup;
			children = (
				571B8F712A27E84C0009D59D /* AppDelegate.swift */,
				571B8F732A27E84C0009D59D /* SceneDelegate.swift */,
			);
			path = Resources;
			sourceTree = "<group>";
		};
		571B8F9C2A2832C90009D59D /* Cache */ = {
			isa = PBXGroup;
			children = (
				571B8F9A2A2832250009D59D /* CacheType.swift */,
				571B8F982A2830070009D59D /* ImageCache.swift */,
			);
			path = Cache;
			sourceTree = "<group>";
		};
		571B8F9D2A2839D80009D59D /* LocationServices */ = {
			isa = PBXGroup;
			children = (
				571B8FA12A283A080009D59D /* LocationManagerType.swift */,
				571B8F9E2A2839EA0009D59D /* LocationManager.swift */,
			);
			path = LocationServices;
			sourceTree = "<group>";
		};
		571B8FA62A285B1F0009D59D /* PersistentContainer */ = {
			isa = PBXGroup;
			children = (
				571B8FA72A285B480009D59D /* PersitentContainerType.swift */,
				571B8FA92A285B6C0009D59D /* UserDefaultsModelWrapper.swift */,
			);
			path = PersistentContainer;
			sourceTree = "<group>";
		};
		571B8FAD2A2976020009D59D /* ViewHelpers */ = {
			isa = PBXGroup;
			children = (
				571B8FAE2A2976380009D59D /* StackViewExtension.swift */,
				571B8FB22A2978D90009D59D /* UIViewExtension.swift */,
				571B8FB42A297AB10009D59D /* UILabelExtension.swift */,
				57CBC5D52A31522700A1549C /* UIViewControllerExtension.swift */,
			);
			path = ViewHelpers;
			sourceTree = "<group>";
		};
		571B8FBA2A2AC3370009D59D /* Helper */ = {
			isa = PBXGroup;
			children = (
				571B8FBB2A2AC3480009D59D /* QuerySanitizer.swift */,
				57BE87132A4F9E5100822224 /* DelayablePublisher.swift */,
			);
			path = Helper;
			sourceTree = "<group>";
		};
		57B148C22A5E4686002F88FC /* ServiceTests */ = {
			isa = PBXGroup;
			children = (
				57BE87222A5C972700822224 /* ImageCacheTests.swift */,
				57BE87242A5CA03800822224 /* UserDefaultsModelWrapperTests.swift */,
				57BE872E2A5DB88200822224 /* NetworkManagerTests.swift */,
				57BE87382A5DF7C000822224 /* NetworkErrorTests.swift */,
				57BE873A2A5DFA8800822224 /* EnvironmentTests.swift */,
				57BE873C2A5DFFB100822224 /* LocationManagerTests.swift */,
			);
			path = ServiceTests;
			sourceTree = "<group>";
		};
		57BE87092A4CB24A00822224 /* Coordinators */ = {
			isa = PBXGroup;
			children = (
				57BE870E2A4CB28D00822224 /* CoordinatorType.swift */,
				57BE870C2A4CB27500822224 /* AppCoordinator.swift */,
				57BE870A2A4CB26700822224 /* DebugMenuCoordinator.swift */,
			);
			path = Coordinators;
			sourceTree = "<group>";
		};
		57BE871A2A5C970700822224 /* BasicWeatherAppTests */ = {
			isa = PBXGroup;
			children = (
				57BE871B2A5C970700822224 /* BasicWeatherAppTests.swift */,
				57BE87342A5DEB1800822224 /* TestingExtensions */,
				57BE87262A5CA0C300822224 /* Mocks */,
				57B148C22A5E4686002F88FC /* ServiceTests */,
			);
			path = BasicWeatherAppTests;
			sourceTree = "<group>";
		};
		57BE87262A5CA0C300822224 /* Mocks */ = {
			isa = PBXGroup;
			children = (
				57BE87272A5CA0E000822224 /* MockModel.swift */,
				57BE87302A5DB9F100822224 /* MockURLSession.swift */,
				57BE873E2A5E07BA00822224 /* MockLocationService.swift */,
				57BE87292A5CA4F300822224 /* MockData */,
			);
			path = Mocks;
			sourceTree = "<group>";
		};
		57BE87292A5CA4F300822224 /* MockData */ = {
			isa = PBXGroup;
			children = (
				57BE872A2A5CA52800822224 /* MockDataGenerator.swift */,
				57BE872C2A5DB80700822224 /* MockWeatherData.json */,
			);
			path = MockData;
			sourceTree = "<group>";
		};
		57BE87342A5DEB1800822224 /* TestingExtensions */ = {
			isa = PBXGroup;
			children = (
				57BE87352A5DEB2800822224 /* NetworkErrorExtension.swift */,
			);
			path = TestingExtensions;
			sourceTree = "<group>";
		};
/* End PBXGroup section */

/* Begin PBXNativeTarget section */
		571B8F6D2A27E84C0009D59D /* BasicWeatherApp */ = {
			isa = PBXNativeTarget;
			buildConfigurationList = 571B8F822A27E84D0009D59D /* Build configuration list for PBXNativeTarget "BasicWeatherApp" */;
			buildPhases = (
				571B8F6A2A27E84C0009D59D /* Sources */,
				571B8F6B2A27E84C0009D59D /* Frameworks */,
				571B8F6C2A27E84C0009D59D /* Resources */,
			);
			buildRules = (
			);
			dependencies = (
			);
			name = BasicWeatherApp;
			productName = BasicWeatherApp;
			productReference = 571B8F6E2A27E84C0009D59D /* BasicWeatherApp.app */;
			productType = "com.apple.product-type.application";
		};
		57BE87182A5C970700822224 /* BasicWeatherAppTests */ = {
			isa = PBXNativeTarget;
			buildConfigurationList = 57BE871F2A5C970700822224 /* Build configuration list for PBXNativeTarget "BasicWeatherAppTests" */;
			buildPhases = (
				57BE87152A5C970700822224 /* Sources */,
				57BE87162A5C970700822224 /* Frameworks */,
				57BE87172A5C970700822224 /* Resources */,
			);
			buildRules = (
			);
			dependencies = (
				57BE871E2A5C970700822224 /* PBXTargetDependency */,
			);
			name = BasicWeatherAppTests;
			productName = BasicWeatherAppTests;
			productReference = 57BE87192A5C970700822224 /* BasicWeatherAppTests.xctest */;
			productType = "com.apple.product-type.bundle.unit-test";
		};
/* End PBXNativeTarget section */

/* Begin PBXProject section */
		571B8F662A27E84C0009D59D /* Project object */ = {
			isa = PBXProject;
			attributes = {
				BuildIndependentTargetsInParallel = 1;
				LastSwiftUpdateCheck = 1430;
				LastUpgradeCheck = 1430;
				TargetAttributes = {
					571B8F6D2A27E84C0009D59D = {
						CreatedOnToolsVersion = 14.3;
					};
					57BE87182A5C970700822224 = {
						CreatedOnToolsVersion = 14.3;
						TestTargetID = 571B8F6D2A27E84C0009D59D;
					};
				};
			};
			buildConfigurationList = 571B8F692A27E84C0009D59D /* Build configuration list for PBXProject "BasicWeatherApp" */;
			compatibilityVersion = "Xcode 14.0";
			developmentRegion = en;
			hasScannedForEncodings = 0;
			knownRegions = (
				en,
				Base,
			);
			mainGroup = 571B8F652A27E84C0009D59D;
			productRefGroup = 571B8F6F2A27E84C0009D59D /* Products */;
			projectDirPath = "";
			projectRoot = "";
			targets = (
				571B8F6D2A27E84C0009D59D /* BasicWeatherApp */,
				57BE87182A5C970700822224 /* BasicWeatherAppTests */,
			);
		};
/* End PBXProject section */

/* Begin PBXResourcesBuildPhase section */
		571B8F6C2A27E84C0009D59D /* Resources */ = {
			isa = PBXResourcesBuildPhase;
			buildActionMask = 2147483647;
			files = (
				571B8F7E2A27E84D0009D59D /* LaunchScreen.storyboard in Resources */,
				571B8F7B2A27E84D0009D59D /* Assets.xcassets in Resources */,
			);
			runOnlyForDeploymentPostprocessing = 0;
		};
		57BE87172A5C970700822224 /* Resources */ = {
			isa = PBXResourcesBuildPhase;
			buildActionMask = 2147483647;
			files = (
				57BE872D2A5DB80700822224 /* MockWeatherData.json in Resources */,
			);
			runOnlyForDeploymentPostprocessing = 0;
		};
/* End PBXResourcesBuildPhase section */

/* Begin PBXSourcesBuildPhase section */
		571B8F6A2A27E84C0009D59D /* Sources */ = {
			isa = PBXSourcesBuildPhase;
			buildActionMask = 2147483647;
			files = (
				57BE87142A4F9E5100822224 /* DelayablePublisher.swift in Sources */,
				571B8F992A2830070009D59D /* ImageCache.swift in Sources */,
				571B8FAF2A2976380009D59D /* StackViewExtension.swift in Sources */,
				571B8F932A27EE100009D59D /* NetworkManagerType.swift in Sources */,
				57CBC5D82A315E3F00A1549C /* TriangleLoadingView.swift in Sources */,
				57CBC5DA2A452D3600A1549C /* DebugViewController.swift in Sources */,
				571B8F952A27EEA10009D59D /* NetworkError.swift in Sources */,
				57BE870D2A4CB27500822224 /* AppCoordinator.swift in Sources */,
				571B8FB52A297AB10009D59D /* UILabelExtension.swift in Sources */,
				57BE87112A4CC54B00822224 /* DebugSettings.swift in Sources */,
				571B8F9B2A2832250009D59D /* CacheType.swift in Sources */,
				571B8F912A27EB460009D59D /* WeatherViewController.swift in Sources */,
				57CBC5D62A31522700A1549C /* UIViewControllerExtension.swift in Sources */,
				571B8FB32A2978D90009D59D /* UIViewExtension.swift in Sources */,
				571B8F972A27F0880009D59D /* Environment.swift in Sources */,
				571B8FAC2A29120D0009D59D /* WeatherView.swift in Sources */,
				57BE870F2A4CB28D00822224 /* CoordinatorType.swift in Sources */,
				57CBC5D42A3146B400A1549C /* WeatherFormatter.swift in Sources */,
				57BE870B2A4CB26700822224 /* DebugMenuCoordinator.swift in Sources */,
				571B8FA22A283A080009D59D /* LocationManagerType.swift in Sources */,
				57BE87332A5DC81800822224 /* PublisherSession.swift in Sources */,
				571B8F722A27E84C0009D59D /* AppDelegate.swift in Sources */,
				571B8F9F2A2839EA0009D59D /* LocationManager.swift in Sources */,
				571B8F8E2A27EB050009D59D /* NetworkManager.swift in Sources */,
				571B8FBC2A2AC3480009D59D /* QuerySanitizer.swift in Sources */,
				571B8F8B2A27E9660009D59D /* WeatherModel.swift in Sources */,
				571B8FB72A2AB4730009D59D /* WeatherViewModel.swift in Sources */,
				571B8FAA2A285B6C0009D59D /* UserDefaultsModelWrapper.swift in Sources */,
				571B8FA82A285B480009D59D /* PersitentContainerType.swift in Sources */,
				571B8F742A27E84C0009D59D /* SceneDelegate.swift in Sources */,
				571B8FB92A2AB47D0009D59D /* WeatherViewModelType.swift in Sources */,
			);
			runOnlyForDeploymentPostprocessing = 0;
		};
		57BE87152A5C970700822224 /* Sources */ = {
			isa = PBXSourcesBuildPhase;
			buildActionMask = 2147483647;
			files = (
				57BE873F2A5E07BA00822224 /* MockLocationService.swift in Sources */,
				57BE872F2A5DB88200822224 /* NetworkManagerTests.swift in Sources */,
				57BE87252A5CA03800822224 /* UserDefaultsModelWrapperTests.swift in Sources */,
				57BE87282A5CA0E000822224 /* MockModel.swift in Sources */,
				57BE873B2A5DFA8800822224 /* EnvironmentTests.swift in Sources */,
				57BE873D2A5DFFB100822224 /* LocationManagerTests.swift in Sources */,
				57BE872B2A5CA52800822224 /* MockDataGenerator.swift in Sources */,
				57BE87312A5DB9F100822224 /* MockURLSession.swift in Sources */,
				57BE87232A5C972700822224 /* ImageCacheTests.swift in Sources */,
				57BE871C2A5C970700822224 /* BasicWeatherAppTests.swift in Sources */,
				57BE87362A5DEB2800822224 /* NetworkErrorExtension.swift in Sources */,
				57BE87392A5DF7C000822224 /* NetworkErrorTests.swift in Sources */,
			);
			runOnlyForDeploymentPostprocessing = 0;
		};
/* End PBXSourcesBuildPhase section */

/* Begin PBXTargetDependency section */
		57BE871E2A5C970700822224 /* PBXTargetDependency */ = {
			isa = PBXTargetDependency;
			target = 571B8F6D2A27E84C0009D59D /* BasicWeatherApp */;
			targetProxy = 57BE871D2A5C970700822224 /* PBXContainerItemProxy */;
		};
/* End PBXTargetDependency section */

/* Begin PBXVariantGroup section */
		571B8F7C2A27E84D0009D59D /* LaunchScreen.storyboard */ = {
			isa = PBXVariantGroup;
			children = (
				571B8F7D2A27E84D0009D59D /* Base */,
			);
			name = LaunchScreen.storyboard;
			sourceTree = "<group>";
		};
/* End PBXVariantGroup section */

/* Begin XCBuildConfiguration section */
		571B8F802A27E84D0009D59D /* Debug */ = {
			isa = XCBuildConfiguration;
			buildSettings = {
				ALWAYS_SEARCH_USER_PATHS = NO;
				CLANG_ANALYZER_NONNULL = YES;
				CLANG_ANALYZER_NUMBER_OBJECT_CONVERSION = YES_AGGRESSIVE;
				CLANG_CXX_LANGUAGE_STANDARD = "gnu++20";
				CLANG_ENABLE_MODULES = YES;
				CLANG_ENABLE_OBJC_ARC = YES;
				CLANG_ENABLE_OBJC_WEAK = YES;
				CLANG_WARN_BLOCK_CAPTURE_AUTORELEASING = YES;
				CLANG_WARN_BOOL_CONVERSION = YES;
				CLANG_WARN_COMMA = YES;
				CLANG_WARN_CONSTANT_CONVERSION = YES;
				CLANG_WARN_DEPRECATED_OBJC_IMPLEMENTATIONS = YES;
				CLANG_WARN_DIRECT_OBJC_ISA_USAGE = YES_ERROR;
				CLANG_WARN_DOCUMENTATION_COMMENTS = YES;
				CLANG_WARN_EMPTY_BODY = YES;
				CLANG_WARN_ENUM_CONVERSION = YES;
				CLANG_WARN_INFINITE_RECURSION = YES;
				CLANG_WARN_INT_CONVERSION = YES;
				CLANG_WARN_NON_LITERAL_NULL_CONVERSION = YES;
				CLANG_WARN_OBJC_IMPLICIT_RETAIN_SELF = YES;
				CLANG_WARN_OBJC_LITERAL_CONVERSION = YES;
				CLANG_WARN_OBJC_ROOT_CLASS = YES_ERROR;
				CLANG_WARN_QUOTED_INCLUDE_IN_FRAMEWORK_HEADER = YES;
				CLANG_WARN_RANGE_LOOP_ANALYSIS = YES;
				CLANG_WARN_STRICT_PROTOTYPES = YES;
				CLANG_WARN_SUSPICIOUS_MOVE = YES;
				CLANG_WARN_UNGUARDED_AVAILABILITY = YES_AGGRESSIVE;
				CLANG_WARN_UNREACHABLE_CODE = YES;
				CLANG_WARN__DUPLICATE_METHOD_MATCH = YES;
				COPY_PHASE_STRIP = NO;
				DEBUG_INFORMATION_FORMAT = dwarf;
				ENABLE_STRICT_OBJC_MSGSEND = YES;
				ENABLE_TESTABILITY = YES;
				GCC_C_LANGUAGE_STANDARD = gnu11;
				GCC_DYNAMIC_NO_PIC = NO;
				GCC_NO_COMMON_BLOCKS = YES;
				GCC_OPTIMIZATION_LEVEL = 0;
				GCC_PREPROCESSOR_DEFINITIONS = (
					"DEBUG=1",
					"$(inherited)",
				);
				GCC_WARN_64_TO_32_BIT_CONVERSION = YES;
				GCC_WARN_ABOUT_RETURN_TYPE = YES_ERROR;
				GCC_WARN_UNDECLARED_SELECTOR = YES;
				GCC_WARN_UNINITIALIZED_AUTOS = YES_AGGRESSIVE;
				GCC_WARN_UNUSED_FUNCTION = YES;
				GCC_WARN_UNUSED_VARIABLE = YES;
				IPHONEOS_DEPLOYMENT_TARGET = 16.4;
				MTL_ENABLE_DEBUG_INFO = INCLUDE_SOURCE;
				MTL_FAST_MATH = YES;
				ONLY_ACTIVE_ARCH = YES;
				SDKROOT = iphoneos;
				SWIFT_ACTIVE_COMPILATION_CONDITIONS = DEBUG;
				SWIFT_OPTIMIZATION_LEVEL = "-Onone";
			};
			name = Debug;
		};
		571B8F812A27E84D0009D59D /* Release */ = {
			isa = XCBuildConfiguration;
			buildSettings = {
				ALWAYS_SEARCH_USER_PATHS = NO;
				CLANG_ANALYZER_NONNULL = YES;
				CLANG_ANALYZER_NUMBER_OBJECT_CONVERSION = YES_AGGRESSIVE;
				CLANG_CXX_LANGUAGE_STANDARD = "gnu++20";
				CLANG_ENABLE_MODULES = YES;
				CLANG_ENABLE_OBJC_ARC = YES;
				CLANG_ENABLE_OBJC_WEAK = YES;
				CLANG_WARN_BLOCK_CAPTURE_AUTORELEASING = YES;
				CLANG_WARN_BOOL_CONVERSION = YES;
				CLANG_WARN_COMMA = YES;
				CLANG_WARN_CONSTANT_CONVERSION = YES;
				CLANG_WARN_DEPRECATED_OBJC_IMPLEMENTATIONS = YES;
				CLANG_WARN_DIRECT_OBJC_ISA_USAGE = YES_ERROR;
				CLANG_WARN_DOCUMENTATION_COMMENTS = YES;
				CLANG_WARN_EMPTY_BODY = YES;
				CLANG_WARN_ENUM_CONVERSION = YES;
				CLANG_WARN_INFINITE_RECURSION = YES;
				CLANG_WARN_INT_CONVERSION = YES;
				CLANG_WARN_NON_LITERAL_NULL_CONVERSION = YES;
				CLANG_WARN_OBJC_IMPLICIT_RETAIN_SELF = YES;
				CLANG_WARN_OBJC_LITERAL_CONVERSION = YES;
				CLANG_WARN_OBJC_ROOT_CLASS = YES_ERROR;
				CLANG_WARN_QUOTED_INCLUDE_IN_FRAMEWORK_HEADER = YES;
				CLANG_WARN_RANGE_LOOP_ANALYSIS = YES;
				CLANG_WARN_STRICT_PROTOTYPES = YES;
				CLANG_WARN_SUSPICIOUS_MOVE = YES;
				CLANG_WARN_UNGUARDED_AVAILABILITY = YES_AGGRESSIVE;
				CLANG_WARN_UNREACHABLE_CODE = YES;
				CLANG_WARN__DUPLICATE_METHOD_MATCH = YES;
				COPY_PHASE_STRIP = NO;
				DEBUG_INFORMATION_FORMAT = "dwarf-with-dsym";
				ENABLE_NS_ASSERTIONS = NO;
				ENABLE_STRICT_OBJC_MSGSEND = YES;
				GCC_C_LANGUAGE_STANDARD = gnu11;
				GCC_NO_COMMON_BLOCKS = YES;
				GCC_WARN_64_TO_32_BIT_CONVERSION = YES;
				GCC_WARN_ABOUT_RETURN_TYPE = YES_ERROR;
				GCC_WARN_UNDECLARED_SELECTOR = YES;
				GCC_WARN_UNINITIALIZED_AUTOS = YES_AGGRESSIVE;
				GCC_WARN_UNUSED_FUNCTION = YES;
				GCC_WARN_UNUSED_VARIABLE = YES;
				IPHONEOS_DEPLOYMENT_TARGET = 16.4;
				MTL_ENABLE_DEBUG_INFO = NO;
				MTL_FAST_MATH = YES;
				SDKROOT = iphoneos;
				SWIFT_COMPILATION_MODE = wholemodule;
				SWIFT_OPTIMIZATION_LEVEL = "-O";
				VALIDATE_PRODUCT = YES;
			};
			name = Release;
		};
		571B8F832A27E84D0009D59D /* Debug */ = {
			isa = XCBuildConfiguration;
			buildSettings = {
				ASSETCATALOG_COMPILER_APPICON_NAME = AppIcon;
				ASSETCATALOG_COMPILER_GLOBAL_ACCENT_COLOR_NAME = AccentColor;
				CODE_SIGN_STYLE = Automatic;
				CURRENT_PROJECT_VERSION = 1;
				DEVELOPMENT_TEAM = KG8U73AACG;
				GENERATE_INFOPLIST_FILE = YES;
				INFOPLIST_FILE = BasicWeatherApp/Info.plist;
				INFOPLIST_KEY_NSLocationAlwaysAndWhenInUseUsageDescription = "We need your location to show you the current weather near you";
				INFOPLIST_KEY_NSLocationAlwaysUsageDescription = "We need your location to show you the current weather near you";
				INFOPLIST_KEY_NSLocationWhenInUseUsageDescription = "We need your location to show you the current weather near you";
				INFOPLIST_KEY_UIApplicationSupportsIndirectInputEvents = YES;
				INFOPLIST_KEY_UILaunchStoryboardName = LaunchScreen;
				INFOPLIST_KEY_UIMainStoryboardFile = "";
				INFOPLIST_KEY_UISupportedInterfaceOrientations = UIInterfaceOrientationPortrait;
				INFOPLIST_KEY_UISupportedInterfaceOrientations_iPad = "UIInterfaceOrientationLandscapeLeft UIInterfaceOrientationLandscapeRight UIInterfaceOrientationPortrait UIInterfaceOrientationPortraitUpsideDown";
				LD_RUNPATH_SEARCH_PATHS = (
					"$(inherited)",
					"@executable_path/Frameworks",
				);
				MARKETING_VERSION = 1.0;
				PRODUCT_BUNDLE_IDENTIFIER = iAskedYou2nd.BasicWeatherApp;
				PRODUCT_NAME = "$(TARGET_NAME)";
				SWIFT_EMIT_LOC_STRINGS = YES;
				SWIFT_VERSION = 5.0;
				TARGETED_DEVICE_FAMILY = "1,2";
			};
			name = Debug;
		};
		571B8F842A27E84D0009D59D /* Release */ = {
			isa = XCBuildConfiguration;
			buildSettings = {
				ASSETCATALOG_COMPILER_APPICON_NAME = AppIcon;
				ASSETCATALOG_COMPILER_GLOBAL_ACCENT_COLOR_NAME = AccentColor;
				CODE_SIGN_STYLE = Automatic;
				CURRENT_PROJECT_VERSION = 1;
				DEVELOPMENT_TEAM = KG8U73AACG;
				GENERATE_INFOPLIST_FILE = YES;
				INFOPLIST_FILE = BasicWeatherApp/Info.plist;
				INFOPLIST_KEY_NSLocationAlwaysAndWhenInUseUsageDescription = "We need your location to show you the current weather near you";
				INFOPLIST_KEY_NSLocationAlwaysUsageDescription = "We need your location to show you the current weather near you";
				INFOPLIST_KEY_NSLocationWhenInUseUsageDescription = "We need your location to show you the current weather near you";
				INFOPLIST_KEY_UIApplicationSupportsIndirectInputEvents = YES;
				INFOPLIST_KEY_UILaunchStoryboardName = LaunchScreen;
				INFOPLIST_KEY_UIMainStoryboardFile = "";
				INFOPLIST_KEY_UISupportedInterfaceOrientations = UIInterfaceOrientationPortrait;
				INFOPLIST_KEY_UISupportedInterfaceOrientations_iPad = "UIInterfaceOrientationLandscapeLeft UIInterfaceOrientationLandscapeRight UIInterfaceOrientationPortrait UIInterfaceOrientationPortraitUpsideDown";
				LD_RUNPATH_SEARCH_PATHS = (
					"$(inherited)",
					"@executable_path/Frameworks",
				);
				MARKETING_VERSION = 1.0;
				PRODUCT_BUNDLE_IDENTIFIER = iAskedYou2nd.BasicWeatherApp;
				PRODUCT_NAME = "$(TARGET_NAME)";
				SWIFT_EMIT_LOC_STRINGS = YES;
				SWIFT_VERSION = 5.0;
				TARGETED_DEVICE_FAMILY = "1,2";
			};
			name = Release;
		};
		57BE87202A5C970700822224 /* Debug */ = {
			isa = XCBuildConfiguration;
			buildSettings = {
				BUNDLE_LOADER = "$(TEST_HOST)";
				CODE_SIGN_STYLE = Automatic;
				CURRENT_PROJECT_VERSION = 1;
				DEVELOPMENT_TEAM = KG8U73AACG;
				GENERATE_INFOPLIST_FILE = YES;
				MARKETING_VERSION = 1.0;
				PRODUCT_BUNDLE_IDENTIFIER = iAskedYou2nd.BasicWeatherAppTests;
				PRODUCT_NAME = "$(TARGET_NAME)";
				SWIFT_EMIT_LOC_STRINGS = NO;
				SWIFT_VERSION = 5.0;
				TARGETED_DEVICE_FAMILY = "1,2";
				TEST_HOST = "$(BUILT_PRODUCTS_DIR)/BasicWeatherApp.app/$(BUNDLE_EXECUTABLE_FOLDER_PATH)/BasicWeatherApp";
			};
			name = Debug;
		};
		57BE87212A5C970700822224 /* Release */ = {
			isa = XCBuildConfiguration;
			buildSettings = {
				BUNDLE_LOADER = "$(TEST_HOST)";
				CODE_SIGN_STYLE = Automatic;
				CURRENT_PROJECT_VERSION = 1;
				DEVELOPMENT_TEAM = KG8U73AACG;
				GENERATE_INFOPLIST_FILE = YES;
				MARKETING_VERSION = 1.0;
				PRODUCT_BUNDLE_IDENTIFIER = iAskedYou2nd.BasicWeatherAppTests;
				PRODUCT_NAME = "$(TARGET_NAME)";
				SWIFT_EMIT_LOC_STRINGS = NO;
				SWIFT_VERSION = 5.0;
				TARGETED_DEVICE_FAMILY = "1,2";
				TEST_HOST = "$(BUILT_PRODUCTS_DIR)/BasicWeatherApp.app/$(BUNDLE_EXECUTABLE_FOLDER_PATH)/BasicWeatherApp";
			};
			name = Release;
		};
/* End XCBuildConfiguration section */

/* Begin XCConfigurationList section */
		571B8F692A27E84C0009D59D /* Build configuration list for PBXProject "BasicWeatherApp" */ = {
			isa = XCConfigurationList;
			buildConfigurations = (
				571B8F802A27E84D0009D59D /* Debug */,
				571B8F812A27E84D0009D59D /* Release */,
			);
			defaultConfigurationIsVisible = 0;
			defaultConfigurationName = Release;
		};
		571B8F822A27E84D0009D59D /* Build configuration list for PBXNativeTarget "BasicWeatherApp" */ = {
			isa = XCConfigurationList;
			buildConfigurations = (
				571B8F832A27E84D0009D59D /* Debug */,
				571B8F842A27E84D0009D59D /* Release */,
			);
			defaultConfigurationIsVisible = 0;
			defaultConfigurationName = Release;
		};
		57BE871F2A5C970700822224 /* Build configuration list for PBXNativeTarget "BasicWeatherAppTests" */ = {
			isa = XCConfigurationList;
			buildConfigurations = (
				57BE87202A5C970700822224 /* Debug */,
				57BE87212A5C970700822224 /* Release */,
			);
			defaultConfigurationIsVisible = 0;
			defaultConfigurationName = Release;
		};
/* End XCConfigurationList section */
	};
	rootObject = 571B8F662A27E84C0009D59D /* Project object */;
}
